
Microsoft Visual Studio Solution File, Format Version 12.00
# Visual Studio Version 17
VisualStudioVersion = 17.1.32228.430
MinimumVisualStudioVersion = 10.0.40219.1
Project("{FAE04EC0-301F-11D3-BF4B-00C04F79EFBC}") = "AdessoRideShare.Web.Api", "AdessoRideShare.Web.Api\AdessoRideShare.Web.Api.csproj", "{71036995-ADF0-4C2C-9142-5A1C929196CB}"
EndProject
Project("{FAE04EC0-301F-11D3-BF4B-00C04F79EFBC}") = "AdessoRideShare.Core", "AdessoRideShare.Core\AdessoRideShare.Core.csproj", "{CCF180AD-0DB8-4450-9E6B-8F81BFC3FD8C}"
EndProject
Project("{FAE04EC0-301F-11D3-BF4B-00C04F79EFBC}") = "AdessoRideShare.Data", "AdessoRideShare.Data\AdessoRideShare.Data.csproj", "{0DC6B99C-98B2-4E48-A9A1-6C7943B5ACF4}"
EndProject
Project("{FAE04EC0-301F-11D3-BF4B-00C04F79EFBC}") = "AdessoRideShare.Business", "AdessoRideShare.Business\AdessoRideShare.Business.csproj", "{8976E371-24DE-44AF-BA95-F45FC63ECC73}"
EndProject
Global
	GlobalSection(SolutionConfigurationPlatforms) = preSolution
		Debug|Any CPU = Debug|Any CPU
		Release|Any CPU = Release|Any CPU
	EndGlobalSection
	GlobalSection(ProjectConfigurationPlatforms) = postSolution
		{71036995-ADF0-4C2C-9142-5A1C929196CB}.Debug|Any CPU.ActiveCfg = Debug|Any CPU
		{71036995-ADF0-4C2C-9142-5A1C929196CB}.Debug|Any CPU.Build.0 = Debug|Any CPU
		{71036995-ADF0-4C2C-9142-5A1C929196CB}.Release|Any CPU.ActiveCfg = Release|Any CPU
		{71036995-ADF0-4C2C-9142-5A1C929196CB}.Release|Any CPU.Build.0 = Release|Any CPU
		{CCF180AD-0DB8-4450-9E6B-8F81BFC3FD8C}.Debug|Any CPU.ActiveCfg = Debug|Any CPU
		{CCF180AD-0DB8-4450-9E6B-8F81BFC3FD8C}.Debug|Any CPU.Build.0 = Debug|Any CPU
		{CCF180AD-0DB8-4450-9E6B-8F81BFC3FD8C}.Release|Any CPU.ActiveCfg = Release|Any CPU
		{CCF180AD-0DB8-4450-9E6B-8F81BFC3FD8C}.Release|Any CPU.Build.0 = Release|Any CPU
		{0DC6B99C-98B2-4E48-A9A1-6C7943B5ACF4}.Debug|Any CPU.ActiveCfg = Debug|Any CPU
		{0DC6B99C-98B2-4E48-A9A1-6C7943B5ACF4}.Debug|Any CPU.Build.0 = Debug|Any CPU
		{0DC6B99C-98B2-4E48-A9A1-6C7943B5ACF4}.Release|Any CPU.ActiveCfg = Release|Any CPU
		{0DC6B99C-98B2-4E48-A9A1-6C7943B5ACF4}.Release|Any CPU.Build.0 = Release|Any CPU
		{8976E371-24DE-44AF-BA95-F45FC63ECC73}.Debug|Any CPU.ActiveCfg = Debug|Any CPU
		{8976E371-24DE-44AF-BA95-F45FC63ECC73}.Debug|Any CPU.Build.0 = Debug|Any CPU
		{8976E371-24DE-44AF-BA95-F45FC63ECC73}.Release|Any CPU.ActiveCfg = Release|Any CPU
		{8976E371-24DE-44AF-BA95-F45FC63ECC73}.Release|Any CPU.Build.0 = Release|Any CPU
	EndGlobalSection
	GlobalSection(SolutionProperties) = preSolution
		HideSolutionNode = FALSE
	EndGlobalSection
	GlobalSection(ExtensibilityGlobals) = postSolution
		SolutionGuid = {88328B5E-CA7B-4501-A904-61EDB27D1DB6}
	EndGlobalSection
EndGlobal
